
Microsoft Visual Studio Solution File, Format Version 12.00
Project("{FAE04EC0-301F-11D3-BF4B-00C04F79EFBC}") = "StrategyPattern", "StrategyPattern\StrategyPattern.csproj", "{1C591B23-D7DD-4CAD-8E83-CE8696050D85}"
EndProject
Project("{FAE04EC0-301F-11D3-BF4B-00C04F79EFBC}") = "ObserverPattern", "ObserverPattern\ObserverPattern.csproj", "{68019799-B0EB-414C-B63C-A533EB2231D8}"
EndProject
Project("{FAE04EC0-301F-11D3-BF4B-00C04F79EFBC}") = "DecoratorPattern", "DecoratorPattern\DecoratorPattern.csproj", "{7A09E660-A0A7-4AA2-9BCB-C2725E8279F8}"
EndProject
Project("{FAE04EC0-301F-11D3-BF4B-00C04F79EFBC}") = "FactoryPattern", "FactoryPattern\FactoryPattern.csproj", "{17662BAD-3E67-4651-982B-1AB1B4A43022}"
EndProject
Project("{FAE04EC0-301F-11D3-BF4B-00C04F79EFBC}") = "AbstractFactoryPattern", "AbstractFactoryPattern\AbstractFactoryPattern.csproj", "{16EDEB8A-6554-43F9-AEDD-35F01FE53CB2}"
EndProject
Project("{FAE04EC0-301F-11D3-BF4B-00C04F79EFBC}") = "SingletonPattern", "SingletonPattern\SingletonPattern.csproj", "{0E335399-8A2F-4DAF-8F46-FED231A1121C}"
EndProject
Project("{FAE04EC0-301F-11D3-BF4B-00C04F79EFBC}") = "CommandPattern", "CommandPattern\CommandPattern.csproj", "{739293F0-34DD-4F0B-AEAA-BBDA1D335BDF}"
EndProject
Project("{FAE04EC0-301F-11D3-BF4B-00C04F79EFBC}") = "AdapterPattern", "AdapterPattern\AdapterPattern.csproj", "{B1B3BE04-EF01-4C15-9EC4-4C821E32F2B5}"
EndProject
Project("{FAE04EC0-301F-11D3-BF4B-00C04F79EFBC}") = "FacadePattern", "FacadePattern\FacadePattern.csproj", "{BF55187F-6F92-4AAB-B15D-19A4E4481494}"
EndProject
Project("{FAE04EC0-301F-11D3-BF4B-00C04F79EFBC}") = "ProxyPattern", "ProxyPattern\ProxyPattern.csproj", "{5E4E1771-5AF1-499C-8EC6-A044B9DA36D2}"
EndProject
Global
	GlobalSection(SolutionConfigurationPlatforms) = preSolution
		Debug|Any CPU = Debug|Any CPU
		Release|Any CPU = Release|Any CPU
	EndGlobalSection
	GlobalSection(ProjectConfigurationPlatforms) = postSolution
		{1C591B23-D7DD-4CAD-8E83-CE8696050D85}.Debug|Any CPU.ActiveCfg = Debug|Any CPU
		{1C591B23-D7DD-4CAD-8E83-CE8696050D85}.Debug|Any CPU.Build.0 = Debug|Any CPU
		{1C591B23-D7DD-4CAD-8E83-CE8696050D85}.Release|Any CPU.ActiveCfg = Release|Any CPU
		{1C591B23-D7DD-4CAD-8E83-CE8696050D85}.Release|Any CPU.Build.0 = Release|Any CPU
		{68019799-B0EB-414C-B63C-A533EB2231D8}.Debug|Any CPU.ActiveCfg = Debug|Any CPU
		{68019799-B0EB-414C-B63C-A533EB2231D8}.Debug|Any CPU.Build.0 = Debug|Any CPU
		{68019799-B0EB-414C-B63C-A533EB2231D8}.Release|Any CPU.ActiveCfg = Release|Any CPU
		{68019799-B0EB-414C-B63C-A533EB2231D8}.Release|Any CPU.Build.0 = Release|Any CPU
		{7A09E660-A0A7-4AA2-9BCB-C2725E8279F8}.Debug|Any CPU.ActiveCfg = Debug|Any CPU
		{7A09E660-A0A7-4AA2-9BCB-C2725E8279F8}.Debug|Any CPU.Build.0 = Debug|Any CPU
		{7A09E660-A0A7-4AA2-9BCB-C2725E8279F8}.Release|Any CPU.ActiveCfg = Release|Any CPU
		{7A09E660-A0A7-4AA2-9BCB-C2725E8279F8}.Release|Any CPU.Build.0 = Release|Any CPU
		{17662BAD-3E67-4651-982B-1AB1B4A43022}.Debug|Any CPU.ActiveCfg = Debug|Any CPU
		{17662BAD-3E67-4651-982B-1AB1B4A43022}.Debug|Any CPU.Build.0 = Debug|Any CPU
		{17662BAD-3E67-4651-982B-1AB1B4A43022}.Release|Any CPU.ActiveCfg = Release|Any CPU
		{17662BAD-3E67-4651-982B-1AB1B4A43022}.Release|Any CPU.Build.0 = Release|Any CPU
		{16EDEB8A-6554-43F9-AEDD-35F01FE53CB2}.Debug|Any CPU.ActiveCfg = Debug|Any CPU
		{16EDEB8A-6554-43F9-AEDD-35F01FE53CB2}.Debug|Any CPU.Build.0 = Debug|Any CPU
		{16EDEB8A-6554-43F9-AEDD-35F01FE53CB2}.Release|Any CPU.ActiveCfg = Release|Any CPU
		{16EDEB8A-6554-43F9-AEDD-35F01FE53CB2}.Release|Any CPU.Build.0 = Release|Any CPU
		{0E335399-8A2F-4DAF-8F46-FED231A1121C}.Debug|Any CPU.ActiveCfg = Debug|Any CPU
		{0E335399-8A2F-4DAF-8F46-FED231A1121C}.Debug|Any CPU.Build.0 = Debug|Any CPU
		{0E335399-8A2F-4DAF-8F46-FED231A1121C}.Release|Any CPU.ActiveCfg = Release|Any CPU
		{0E335399-8A2F-4DAF-8F46-FED231A1121C}.Release|Any CPU.Build.0 = Release|Any CPU
		{739293F0-34DD-4F0B-AEAA-BBDA1D335BDF}.Debug|Any CPU.ActiveCfg = Debug|Any CPU
		{739293F0-34DD-4F0B-AEAA-BBDA1D335BDF}.Debug|Any CPU.Build.0 = Debug|Any CPU
		{739293F0-34DD-4F0B-AEAA-BBDA1D335BDF}.Release|Any CPU.ActiveCfg = Release|Any CPU
		{739293F0-34DD-4F0B-AEAA-BBDA1D335BDF}.Release|Any CPU.Build.0 = Release|Any CPU
		{B1B3BE04-EF01-4C15-9EC4-4C821E32F2B5}.Debug|Any CPU.ActiveCfg = Debug|Any CPU
		{B1B3BE04-EF01-4C15-9EC4-4C821E32F2B5}.Debug|Any CPU.Build.0 = Debug|Any CPU
		{B1B3BE04-EF01-4C15-9EC4-4C821E32F2B5}.Release|Any CPU.ActiveCfg = Release|Any CPU
		{B1B3BE04-EF01-4C15-9EC4-4C821E32F2B5}.Release|Any CPU.Build.0 = Release|Any CPU
		{BF55187F-6F92-4AAB-B15D-19A4E4481494}.Debug|Any CPU.ActiveCfg = Debug|Any CPU
		{BF55187F-6F92-4AAB-B15D-19A4E4481494}.Debug|Any CPU.Build.0 = Debug|Any CPU
		{BF55187F-6F92-4AAB-B15D-19A4E4481494}.Release|Any CPU.ActiveCfg = Release|Any CPU
		{BF55187F-6F92-4AAB-B15D-19A4E4481494}.Release|Any CPU.Build.0 = Release|Any CPU
		{5E4E1771-5AF1-499C-8EC6-A044B9DA36D2}.Debug|Any CPU.ActiveCfg = Debug|Any CPU
		{5E4E1771-5AF1-499C-8EC6-A044B9DA36D2}.Debug|Any CPU.Build.0 = Debug|Any CPU
		{5E4E1771-5AF1-499C-8EC6-A044B9DA36D2}.Release|Any CPU.ActiveCfg = Release|Any CPU
		{5E4E1771-5AF1-499C-8EC6-A044B9DA36D2}.Release|Any CPU.Build.0 = Release|Any CPU
	EndGlobalSection
EndGlobal
